
Microsoft Visual Studio Solution File, Format Version 12.00
# Visual Studio 2012
Project("{FAE04EC0-301F-11D3-BF4B-00C04F79EFBC}") = "MvcPlantilla", "MvcPlantilla\MvcPlantilla.csproj", "{50EB70A8-44FF-4907-A5C7-FB7EF6D9CCE0}"
EndProject
Global
	GlobalSection(SolutionConfigurationPlatforms) = preSolution
		Debug|Any CPU = Debug|Any CPU
		Release|Any CPU = Release|Any CPU
	EndGlobalSection
	GlobalSection(ProjectConfigurationPlatforms) = postSolution
		{50EB70A8-44FF-4907-A5C7-FB7EF6D9CCE0}.Debug|Any CPU.ActiveCfg = Debug|Any CPU
		{50EB70A8-44FF-4907-A5C7-FB7EF6D9CCE0}.Debug|Any CPU.Build.0 = Debug|Any CPU
		{50EB70A8-44FF-4907-A5C7-FB7EF6D9CCE0}.Release|Any CPU.ActiveCfg = Release|Any CPU
		{50EB70A8-44FF-4907-A5C7-FB7EF6D9CCE0}.Release|Any CPU.Build.0 = Release|Any CPU
	EndGlobalSection
	GlobalSection(SolutionProperties) = preSolution
		HideSolutionNode = FALSE
	EndGlobalSection
EndGlobal
